
Microsoft Visual Studio Solution File, Format Version 12.00
# Visual Studio Version 17
VisualStudioVersion = 17.11.35208.52
MinimumVisualStudioVersion = 10.0.40219.1
Project("{FAE04EC0-301F-11D3-BF4B-00C04F79EFBC}") = "ejercicio2", "ejercicio2\ejercicio2.csproj", "{D91EEA75-92A2-492D-9D30-5A5DF8FB30E4}"
EndProject
Global
	GlobalSection(SolutionConfigurationPlatforms) = preSolution
		Debug|Any CPU = Debug|Any CPU
		Release|Any CPU = Release|Any CPU
	EndGlobalSection
	GlobalSection(ProjectConfigurationPlatforms) = postSolution
		{D91EEA75-92A2-492D-9D30-5A5DF8FB30E4}.Debug|Any CPU.ActiveCfg = Debug|Any CPU
		{D91EEA75-92A2-492D-9D30-5A5DF8FB30E4}.Debug|Any CPU.Build.0 = Debug|Any CPU
		{D91EEA75-92A2-492D-9D30-5A5DF8FB30E4}.Release|Any CPU.ActiveCfg = Release|Any CPU
		{D91EEA75-92A2-492D-9D30-5A5DF8FB30E4}.Release|Any CPU.Build.0 = Release|Any CPU
	EndGlobalSection
	GlobalSection(SolutionProperties) = preSolution
		HideSolutionNode = FALSE
	EndGlobalSection
	GlobalSection(ExtensibilityGlobals) = postSolution
		SolutionGuid = {F107AF32-955D-4A31-A665-B18CBEA9E9BB}
	EndGlobalSection
EndGlobal
