
Microsoft Visual Studio Solution File, Format Version 12.00
# Visual Studio Version 17
VisualStudioVersion = 17.11.35208.52
MinimumVisualStudioVersion = 10.0.40219.1
Project("{FAE04EC0-301F-11D3-BF4B-00C04F79EFBC}") = "sesion 5", "sesion 5\sesion 5.csproj", "{75012652-7895-46E0-9539-86F590E98D08}"
EndProject
Global
	GlobalSection(SolutionConfigurationPlatforms) = preSolution
		Debug|Any CPU = Debug|Any CPU
		Release|Any CPU = Release|Any CPU
	EndGlobalSection
	GlobalSection(ProjectConfigurationPlatforms) = postSolution
		{75012652-7895-46E0-9539-86F590E98D08}.Debug|Any CPU.ActiveCfg = Debug|Any CPU
		{75012652-7895-46E0-9539-86F590E98D08}.Debug|Any CPU.Build.0 = Debug|Any CPU
		{75012652-7895-46E0-9539-86F590E98D08}.Release|Any CPU.ActiveCfg = Release|Any CPU
		{75012652-7895-46E0-9539-86F590E98D08}.Release|Any CPU.Build.0 = Release|Any CPU
	EndGlobalSection
	GlobalSection(SolutionProperties) = preSolution
		HideSolutionNode = FALSE
	EndGlobalSection
	GlobalSection(ExtensibilityGlobals) = postSolution
		SolutionGuid = {C921A541-BACD-4C28-81CE-BF03BF44F792}
	EndGlobalSection
EndGlobal
