
Microsoft Visual Studio Solution File, Format Version 12.00
# Visual Studio Version 17
VisualStudioVersion = 17.11.35208.52
MinimumVisualStudioVersion = 10.0.40219.1
Project("{FAE04EC0-301F-11D3-BF4B-00C04F79EFBC}") = "EvalueEdge", "EvalueEdge\EvalueEdge.csproj", "{D4AF98A2-E853-4885-AD58-C0A6EFCE7844}"
EndProject
Global
	GlobalSection(SolutionConfigurationPlatforms) = preSolution
		Debug|Any CPU = Debug|Any CPU
		Release|Any CPU = Release|Any CPU
	EndGlobalSection
	GlobalSection(ProjectConfigurationPlatforms) = postSolution
		{D4AF98A2-E853-4885-AD58-C0A6EFCE7844}.Debug|Any CPU.ActiveCfg = Debug|Any CPU
		{D4AF98A2-E853-4885-AD58-C0A6EFCE7844}.Debug|Any CPU.Build.0 = Debug|Any CPU
		{D4AF98A2-E853-4885-AD58-C0A6EFCE7844}.Release|Any CPU.ActiveCfg = Release|Any CPU
		{D4AF98A2-E853-4885-AD58-C0A6EFCE7844}.Release|Any CPU.Build.0 = Release|Any CPU
	EndGlobalSection
	GlobalSection(SolutionProperties) = preSolution
		HideSolutionNode = FALSE
	EndGlobalSection
	GlobalSection(ExtensibilityGlobals) = postSolution
		SolutionGuid = {382DA8F1-B0B9-4748-AB3C-B436657AF24E}
	EndGlobalSection
EndGlobal
